
Microsoft Visual Studio Solution File, Format Version 12.00
# Visual Studio Version 17
VisualStudioVersion = 17.10.35013.160
MinimumVisualStudioVersion = 10.0.40219.1
Project("{9A19103F-16F7-4668-BE54-9A1E7A4F7556}") = "SecureVault", "SecureVault\SecureVault.csproj", "{2F1B6BB2-A323-498B-8355-AB29996EAF00}"
EndProject
Global
	GlobalSection(SolutionConfigurationPlatforms) = preSolution
		Debug|Any CPU = Debug|Any CPU
		Release|Any CPU = Release|Any CPU
	EndGlobalSection
	GlobalSection(ProjectConfigurationPlatforms) = postSolution
		{2F1B6BB2-A323-498B-8355-AB29996EAF00}.Debug|Any CPU.ActiveCfg = Debug|Any CPU
		{2F1B6BB2-A323-498B-8355-AB29996EAF00}.Debug|Any CPU.Build.0 = Debug|Any CPU
		{2F1B6BB2-A323-498B-8355-AB29996EAF00}.Release|Any CPU.ActiveCfg = Release|Any CPU
		{2F1B6BB2-A323-498B-8355-AB29996EAF00}.Release|Any CPU.Build.0 = Release|Any CPU
	EndGlobalSection
	GlobalSection(SolutionProperties) = preSolution
		HideSolutionNode = FALSE
	EndGlobalSection
	GlobalSection(ExtensibilityGlobals) = postSolution
		SolutionGuid = {E69596E9-5C3A-4138-9758-16A352B64C09}
	EndGlobalSection
EndGlobal
